
Microsoft Visual Studio Solution File, Format Version 12.00
# Visual Studio Version 16
VisualStudioVersion = 16.0.31729.503
MinimumVisualStudioVersion = 10.0.40219.1
Project("{FAE04EC0-301F-11D3-BF4B-00C04F79EFBC}") = "Assesment2Csharp", "Assesment2Csharp\Assesment2Csharp.csproj", "{5F9DB10E-4FE8-4902-BF9C-1BCFD9CB4D26}"
EndProject
Global
	GlobalSection(SolutionConfigurationPlatforms) = preSolution
		Debug|Any CPU = Debug|Any CPU
		Release|Any CPU = Release|Any CPU
	EndGlobalSection
	GlobalSection(ProjectConfigurationPlatforms) = postSolution
		{5F9DB10E-4FE8-4902-BF9C-1BCFD9CB4D26}.Debug|Any CPU.ActiveCfg = Debug|Any CPU
		{5F9DB10E-4FE8-4902-BF9C-1BCFD9CB4D26}.Debug|Any CPU.Build.0 = Debug|Any CPU
		{5F9DB10E-4FE8-4902-BF9C-1BCFD9CB4D26}.Release|Any CPU.ActiveCfg = Release|Any CPU
		{5F9DB10E-4FE8-4902-BF9C-1BCFD9CB4D26}.Release|Any CPU.Build.0 = Release|Any CPU
	EndGlobalSection
	GlobalSection(SolutionProperties) = preSolution
		HideSolutionNode = FALSE
	EndGlobalSection
	GlobalSection(ExtensibilityGlobals) = postSolution
		SolutionGuid = {B50B7DF4-4B40-43CD-B866-E5466B3159B3}
	EndGlobalSection
EndGlobal
